
Microsoft Visual Studio Solution File, Format Version 12.00
# Visual Studio 15
VisualStudioVersion = 15.0.28010.2046
MinimumVisualStudioVersion = 10.0.40219.1
Project("{FAE04EC0-301F-11D3-BF4B-00C04F79EFBC}") = "Pokemon RNG Time Calculator", "Pokemon RNG Time Calculator.csproj", "{3EA5A567-A6E9-42F1-9E9B-1289A0C3BBCD}"
EndProject
Global
	GlobalSection(SolutionConfigurationPlatforms) = preSolution
		Debug|Any CPU = Debug|Any CPU
		Release|Any CPU = Release|Any CPU
	EndGlobalSection
	GlobalSection(ProjectConfigurationPlatforms) = postSolution
		{3EA5A567-A6E9-42F1-9E9B-1289A0C3BBCD}.Debug|Any CPU.ActiveCfg = Debug|Any CPU
		{3EA5A567-A6E9-42F1-9E9B-1289A0C3BBCD}.Debug|Any CPU.Build.0 = Debug|Any CPU
		{3EA5A567-A6E9-42F1-9E9B-1289A0C3BBCD}.Release|Any CPU.ActiveCfg = Release|Any CPU
		{3EA5A567-A6E9-42F1-9E9B-1289A0C3BBCD}.Release|Any CPU.Build.0 = Release|Any CPU
	EndGlobalSection
	GlobalSection(SolutionProperties) = preSolution
		HideSolutionNode = FALSE
	EndGlobalSection
	GlobalSection(ExtensibilityGlobals) = postSolution
		SolutionGuid = {A205A263-BE7C-46B8-A0AD-7DA9C1C9F726}
	EndGlobalSection
EndGlobal
